// !$*UTF8*$!
{
	archiveVersion = 1;
	classes = {
	};
	objectVersion = 46;
	objects = {

/* Begin PBXBuildFile section */
		B8057FB01A42C75A004A2A0B /* 着物女性_通_m2.png in Resources */ = {isa = PBXBuildFile; fileRef = B8057FAB1A42C75A004A2A0B /* 着物女性_通_m2.png */; };
		B8057FB11A42C75A004A2A0B /* 着物女性_通_m1.png in Resources */ = {isa = PBXBuildFile; fileRef = B8057FAC1A42C75A004A2A0B /* 着物女性_通_m1.png */; };
		B8057FB21A42C75A004A2A0B /* 着物女性_通_e1.png in Resources */ = {isa = PBXBuildFile; fileRef = B8057FAD1A42C75A004A2A0B /* 着物女性_通_e1.png */; };
		B8057FB31A42C75A004A2A0B /* 着物女性_通_e2.png in Resources */ = {isa = PBXBuildFile; fileRef = B8057FAE1A42C75A004A2A0B /* 着物女性_通_e2.png */; };
		B8057FB41A42C75A004A2A0B /* 着物女性_通.png in Resources */ = {isa = PBXBuildFile; fileRef = B8057FAF1A42C75A004A2A0B /* 着物女性_通.png */; };
		B8057FB61A42C8DB004A2A0B /* RoomViewController.swift in Sources */ = {isa = PBXBuildFile; fileRef = B8057FB51A42C8DB004A2A0B /* RoomViewController.swift */; };
		B8057FB71A42C8DB004A2A0B /* RoomViewController.swift in Sources */ = {isa = PBXBuildFile; fileRef = B8057FB51A42C8DB004A2A0B /* RoomViewController.swift */; };
		B82A5CB81A3AC3E6009C7BE7 /* 雫_s1_r2_01.m4a in Resources */ = {isa = PBXBuildFile; fileRef = B82A5CB51A3AC3E6009C7BE7 /* 雫_s1_r2_01.m4a */; };
		B82A5CB91A3AC3E6009C7BE7 /* 雫_s1_r2_02.m4a in Resources */ = {isa = PBXBuildFile; fileRef = B82A5CB61A3AC3E6009C7BE7 /* 雫_s1_r2_02.m4a */; };
		B82A5CBA1A3AC3E6009C7BE7 /* 雫_s1_r2_03.m4a in Resources */ = {isa = PBXBuildFile; fileRef = B82A5CB71A3AC3E6009C7BE7 /* 雫_s1_r2_03.m4a */; };
		B82A5CBF1A3AC502009C7BE7 /* 雫_s1_r3_02.m4a in Resources */ = {isa = PBXBuildFile; fileRef = B82A5CBD1A3AC502009C7BE7 /* 雫_s1_r3_02.m4a */; };
		B82A5CC11A3AC783009C7BE7 /* 雫_s1_r3_01.m4a in Resources */ = {isa = PBXBuildFile; fileRef = B82A5CC01A3AC783009C7BE7 /* 雫_s1_r3_01.m4a */; };
		B82A5CC31A3AD300009C7BE7 /* 雫_name_お兄様_02.m4a in Resources */ = {isa = PBXBuildFile; fileRef = B82A5CC21A3AD300009C7BE7 /* 雫_name_お兄様_02.m4a */; };
		B82A5CC61A3AD309009C7BE7 /* 雫_s1_r4_01.m4a in Resources */ = {isa = PBXBuildFile; fileRef = B82A5CC41A3AD309009C7BE7 /* 雫_s1_r4_01.m4a */; };
		B82A5CC71A3AD309009C7BE7 /* 雫_s1_r4_02.m4a in Resources */ = {isa = PBXBuildFile; fileRef = B82A5CC51A3AD309009C7BE7 /* 雫_s1_r4_02.m4a */; };
		B84AC9531A3D80A5006F89D1 /* testVoice.m4a in Resources */ = {isa = PBXBuildFile; fileRef = B84AC9521A3D80A5006F89D1 /* testVoice.m4a */; };
		B84AC9561A3D8281006F89D1 /* testVoice2.m4a in Resources */ = {isa = PBXBuildFile; fileRef = B84AC9551A3D8281006F89D1 /* testVoice2.m4a */; };
		B84AC9581A3D8797006F89D1 /* testVoicePanR.m4a in Resources */ = {isa = PBXBuildFile; fileRef = B84AC9571A3D8797006F89D1 /* testVoicePanR.m4a */; };
		B860DCAA1A3347BD00CA828A /* Alamofire.swift in Sources */ = {isa = PBXBuildFile; fileRef = B860DCA91A3347BD00CA828A /* Alamofire.swift */; };
		B860DCB71A33491300CA828A /* Alamofire.framework in Copy Files (1 item) */ = {isa = PBXBuildFile; fileRef = B860DCB11A3348D500CA828A /* Alamofire.framework */; settings = {ATTRIBUTES = (CodeSignOnCopy, RemoveHeadersOnCopy, ); }; };
		B861061D1A3307B7002AC02D /* WeatherGetterTest.swift in Sources */ = {isa = PBXBuildFile; fileRef = B861061C1A3307B7002AC02D /* WeatherGetterTest.swift */; };
		B86443971A32E8F2000EC554 /* AppDelegate.swift in Sources */ = {isa = PBXBuildFile; fileRef = B86443961A32E8F2000EC554 /* AppDelegate.swift */; };
		B864439C1A32E8F2000EC554 /* Main.storyboard in Resources */ = {isa = PBXBuildFile; fileRef = B864439A1A32E8F2000EC554 /* Main.storyboard */; };
		B864439E1A32E8F2000EC554 /* Images.xcassets in Resources */ = {isa = PBXBuildFile; fileRef = B864439D1A32E8F2000EC554 /* Images.xcassets */; };
		B86443A11A32E8F2000EC554 /* LaunchScreen.xib in Resources */ = {isa = PBXBuildFile; fileRef = B864439F1A32E8F2000EC554 /* LaunchScreen.xib */; };
		B86443AD1A32E8F2000EC554 /* BedsideVoiceTests.swift in Sources */ = {isa = PBXBuildFile; fileRef = B86443AC1A32E8F2000EC554 /* BedsideVoiceTests.swift */; };
		B86443BD1A32EAF4000EC554 /* SoundPlayer.swift in Sources */ = {isa = PBXBuildFile; fileRef = B86443BC1A32EAF4000EC554 /* SoundPlayer.swift */; };
		B86443BE1A32EAF4000EC554 /* SoundPlayer.swift in Sources */ = {isa = PBXBuildFile; fileRef = B86443BC1A32EAF4000EC554 /* SoundPlayer.swift */; };
		B86443C01A32EB0F000EC554 /* LocationGetter.swift in Sources */ = {isa = PBXBuildFile; fileRef = B86443BF1A32EB0F000EC554 /* LocationGetter.swift */; };
		B86443C11A32EB0F000EC554 /* LocationGetter.swift in Sources */ = {isa = PBXBuildFile; fileRef = B86443BF1A32EB0F000EC554 /* LocationGetter.swift */; };
		B86443C31A32EB18000EC554 /* WeatherGetter.swift in Sources */ = {isa = PBXBuildFile; fileRef = B86443C21A32EB18000EC554 /* WeatherGetter.swift */; };
		B86443C41A32EB18000EC554 /* WeatherGetter.swift in Sources */ = {isa = PBXBuildFile; fileRef = B86443C21A32EB18000EC554 /* WeatherGetter.swift */; };
		B86443C61A32EB2C000EC554 /* Constants.swift in Sources */ = {isa = PBXBuildFile; fileRef = B86443C51A32EB2C000EC554 /* Constants.swift */; };
		B86443C71A32EB2C000EC554 /* Constants.swift in Sources */ = {isa = PBXBuildFile; fileRef = B86443C51A32EB2C000EC554 /* Constants.swift */; };
		B86443C91A32EB39000EC554 /* FadeLabel.swift in Sources */ = {isa = PBXBuildFile; fileRef = B86443C81A32EB39000EC554 /* FadeLabel.swift */; };
		B86443CA1A32EB39000EC554 /* FadeLabel.swift in Sources */ = {isa = PBXBuildFile; fileRef = B86443C81A32EB39000EC554 /* FadeLabel.swift */; };
		B86443CC1A32EED1000EC554 /* TalkManager.swift in Sources */ = {isa = PBXBuildFile; fileRef = B86443CB1A32EED1000EC554 /* TalkManager.swift */; };
		B86443CD1A32EED1000EC554 /* TalkManager.swift in Sources */ = {isa = PBXBuildFile; fileRef = B86443CB1A32EED1000EC554 /* TalkManager.swift */; };
		B86443CF1A32EEEC000EC554 /* SwiftyJSON.swift in Sources */ = {isa = PBXBuildFile; fileRef = B86443CE1A32EEEC000EC554 /* SwiftyJSON.swift */; };
		B86443D01A32EEEC000EC554 /* SwiftyJSON.swift in Sources */ = {isa = PBXBuildFile; fileRef = B86443CE1A32EEEC000EC554 /* SwiftyJSON.swift */; };
		B86443D31A32EFF6000EC554 /* charA_greeting.json in Resources */ = {isa = PBXBuildFile; fileRef = B86443D21A32EFF6000EC554 /* charA_greeting.json */; };
		B86443D41A32EFF6000EC554 /* charA_greeting.json in Resources */ = {isa = PBXBuildFile; fileRef = B86443D21A32EFF6000EC554 /* charA_greeting.json */; };
		B86443D61A32F075000EC554 /* TalkManagerTest.swift in Sources */ = {isa = PBXBuildFile; fileRef = B86443D51A32F075000EC554 /* TalkManagerTest.swift */; };
		B88EFB2E1A346F0F0023E297 /* SleepViewController.swift in Sources */ = {isa = PBXBuildFile; fileRef = B88EFB2D1A346F0F0023E297 /* SleepViewController.swift */; };
		B88EFB2F1A346F0F0023E297 /* SleepViewController.swift in Sources */ = {isa = PBXBuildFile; fileRef = B88EFB2D1A346F0F0023E297 /* SleepViewController.swift */; };
		B88EFB321A346F6C0023E297 /* SleepVoiceManager.swift in Sources */ = {isa = PBXBuildFile; fileRef = B88EFB311A346F6C0023E297 /* SleepVoiceManager.swift */; };
		B88EFB331A346F6C0023E297 /* SleepVoiceManager.swift in Sources */ = {isa = PBXBuildFile; fileRef = B88EFB311A346F6C0023E297 /* SleepVoiceManager.swift */; };
		B8AF7C0B1A383E9600FDA346 /* SoundPlayerTest.swift in Sources */ = {isa = PBXBuildFile; fileRef = B8AF7C0A1A383E9600FDA346 /* SoundPlayerTest.swift */; };
		B8AF7C121A38407700FDA346 /* きらきら星.mp3 in Resources */ = {isa = PBXBuildFile; fileRef = B8AF7C111A38407700FDA346 /* きらきら星.mp3 */; };
		B8AF7C131A38407700FDA346 /* きらきら星.mp3 in Resources */ = {isa = PBXBuildFile; fileRef = B8AF7C111A38407700FDA346 /* きらきら星.mp3 */; };
		B8AF7C171A3846A600FDA346 /* voice02.m4a in Resources */ = {isa = PBXBuildFile; fileRef = B8AF7C151A3846A600FDA346 /* voice02.m4a */; };
		B8AF7C191A39773C00FDA346 /* 雫_添い寝_scene1.json in Resources */ = {isa = PBXBuildFile; fileRef = B8AF7C181A39773C00FDA346 /* 雫_添い寝_scene1.json */; };
		B8AF7C231A397C9900FDA346 /* name01.m4a in Resources */ = {isa = PBXBuildFile; fileRef = B8AF7C211A397C9900FDA346 /* name01.m4a */; };
		B8AF7C241A397C9900FDA346 /* voice01.m4a in Resources */ = {isa = PBXBuildFile; fileRef = B8AF7C221A397C9900FDA346 /* voice01.m4a */; };
		B8AF7C311A39833800FDA346 /* 雫_name_お兄様_01.m4a in Resources */ = {isa = PBXBuildFile; fileRef = B8AF7C2D1A39833800FDA346 /* 雫_name_お兄様_01.m4a */; };
		B8AF7C321A39833800FDA346 /* 雫_s1_r1_01.m4a in Resources */ = {isa = PBXBuildFile; fileRef = B8AF7C2E1A39833800FDA346 /* 雫_s1_r1_01.m4a */; };
		B8AF7C331A39833800FDA346 /* 雫_s1_r1_02.m4a in Resources */ = {isa = PBXBuildFile; fileRef = B8AF7C2F1A39833800FDA346 /* 雫_s1_r1_02.m4a */; };
		B8AF7C341A39833800FDA346 /* 雫_s1_r1_03.m4a in Resources */ = {isa = PBXBuildFile; fileRef = B8AF7C301A39833800FDA346 /* 雫_s1_r1_03.m4a */; };
		B8AF7C361A39884C00FDA346 /* SleepVoiceManagerTest.swift in Sources */ = {isa = PBXBuildFile; fileRef = B8AF7C351A39884C00FDA346 /* SleepVoiceManagerTest.swift */; };
		B8AF7C381A3999FB00FDA346 /* 書式ミス.json in Resources */ = {isa = PBXBuildFile; fileRef = B8AF7C371A3999FB00FDA346 /* 書式ミス.json */; };
		B8AF7C3A1A39A46100FDA346 /* JsonReader.swift in Sources */ = {isa = PBXBuildFile; fileRef = B8AF7C391A39A46100FDA346 /* JsonReader.swift */; };
		B8AF7C3B1A39A46100FDA346 /* JsonReader.swift in Sources */ = {isa = PBXBuildFile; fileRef = B8AF7C391A39A46100FDA346 /* JsonReader.swift */; };
/* End PBXBuildFile section */

/* Begin PBXContainerItemProxy section */
		B860DCB01A3348D500CA828A /* PBXContainerItemProxy */ = {
			isa = PBXContainerItemProxy;
			containerPortal = B860DCAB1A3348D400CA828A /* Alamofire.xcodeproj */;
			proxyType = 2;
			remoteGlobalIDString = F8111E3319A95C8B0040E7D1;
			remoteInfo = Alamofire;
		};
		B860DCB21A3348D500CA828A /* PBXContainerItemProxy */ = {
			isa = PBXContainerItemProxy;
			containerPortal = B860DCAB1A3348D400CA828A /* Alamofire.xcodeproj */;
			proxyType = 2;
			remoteGlobalIDString = F8111E3E19A95C8B0040E7D1;
			remoteInfo = AlamofireTests;
		};
		B860DCB41A3348F600CA828A /* PBXContainerItemProxy */ = {
			isa = PBXContainerItemProxy;
			containerPortal = B860DCAB1A3348D400CA828A /* Alamofire.xcodeproj */;
			proxyType = 1;
			remoteGlobalIDString = F8111E3219A95C8B0040E7D1;
			remoteInfo = Alamofire;
		};
		B86443A71A32E8F2000EC554 /* PBXContainerItemProxy */ = {
			isa = PBXContainerItemProxy;
			containerPortal = B86443891A32E8F2000EC554 /* Project object */;
			proxyType = 1;
			remoteGlobalIDString = B86443901A32E8F2000EC554;
			remoteInfo = BedsideVoice;
		};
/* End PBXContainerItemProxy section */

/* Begin PBXCopyFilesBuildPhase section */
		B860DCB61A3348FB00CA828A /* Copy Files (1 item) */ = {
			isa = PBXCopyFilesBuildPhase;
			buildActionMask = 2147483647;
			dstPath = "";
			dstSubfolderSpec = 10;
			files = (
				B860DCB71A33491300CA828A /* Alamofire.framework in Copy Files (1 item) */,
			);
			name = "Copy Files (1 item)";
			runOnlyForDeploymentPostprocessing = 0;
		};
/* End PBXCopyFilesBuildPhase section */

/* Begin PBXFileReference section */
		B8057FAB1A42C75A004A2A0B /* 着物女性_通_m2.png */ = {isa = PBXFileReference; lastKnownFileType = image.png; path = "着物女性_通_m2.png"; sourceTree = "<group>"; };
		B8057FAC1A42C75A004A2A0B /* 着物女性_通_m1.png */ = {isa = PBXFileReference; lastKnownFileType = image.png; path = "着物女性_通_m1.png"; sourceTree = "<group>"; };
		B8057FAD1A42C75A004A2A0B /* 着物女性_通_e1.png */ = {isa = PBXFileReference; lastKnownFileType = image.png; path = "着物女性_通_e1.png"; sourceTree = "<group>"; };
		B8057FAE1A42C75A004A2A0B /* 着物女性_通_e2.png */ = {isa = PBXFileReference; lastKnownFileType = image.png; path = "着物女性_通_e2.png"; sourceTree = "<group>"; };
		B8057FAF1A42C75A004A2A0B /* 着物女性_通.png */ = {isa = PBXFileReference; lastKnownFileType = image.png; path = "着物女性_通.png"; sourceTree = "<group>"; };
		B8057FB51A42C8DB004A2A0B /* RoomViewController.swift */ = {isa = PBXFileReference; fileEncoding = 4; lastKnownFileType = sourcecode.swift; path = RoomViewController.swift; sourceTree = "<group>"; };
		B82A5CB51A3AC3E6009C7BE7 /* 雫_s1_r2_01.m4a */ = {isa = PBXFileReference; lastKnownFileType = file; path = "雫_s1_r2_01.m4a"; sourceTree = "<group>"; };
		B82A5CB61A3AC3E6009C7BE7 /* 雫_s1_r2_02.m4a */ = {isa = PBXFileReference; lastKnownFileType = file; path = "雫_s1_r2_02.m4a"; sourceTree = "<group>"; };
		B82A5CB71A3AC3E6009C7BE7 /* 雫_s1_r2_03.m4a */ = {isa = PBXFileReference; lastKnownFileType = file; path = "雫_s1_r2_03.m4a"; sourceTree = "<group>"; };
		B82A5CBD1A3AC502009C7BE7 /* 雫_s1_r3_02.m4a */ = {isa = PBXFileReference; lastKnownFileType = file; path = "雫_s1_r3_02.m4a"; sourceTree = "<group>"; };
		B82A5CC01A3AC783009C7BE7 /* 雫_s1_r3_01.m4a */ = {isa = PBXFileReference; lastKnownFileType = file; path = "雫_s1_r3_01.m4a"; sourceTree = "<group>"; };
		B82A5CC21A3AD300009C7BE7 /* 雫_name_お兄様_02.m4a */ = {isa = PBXFileReference; lastKnownFileType = file; path = "雫_name_お兄様_02.m4a"; sourceTree = "<group>"; };
		B82A5CC41A3AD309009C7BE7 /* 雫_s1_r4_01.m4a */ = {isa = PBXFileReference; lastKnownFileType = file; path = "雫_s1_r4_01.m4a"; sourceTree = "<group>"; };
		B82A5CC51A3AD309009C7BE7 /* 雫_s1_r4_02.m4a */ = {isa = PBXFileReference; lastKnownFileType = file; path = "雫_s1_r4_02.m4a"; sourceTree = "<group>"; };
		B84AC9521A3D80A5006F89D1 /* testVoice.m4a */ = {isa = PBXFileReference; lastKnownFileType = file; path = testVoice.m4a; sourceTree = "<group>"; };
		B84AC9551A3D8281006F89D1 /* testVoice2.m4a */ = {isa = PBXFileReference; lastKnownFileType = file; path = testVoice2.m4a; sourceTree = "<group>"; };
		B84AC9571A3D8797006F89D1 /* testVoicePanR.m4a */ = {isa = PBXFileReference; lastKnownFileType = file; path = testVoicePanR.m4a; sourceTree = "<group>"; };
		B860DCA91A3347BD00CA828A /* Alamofire.swift */ = {isa = PBXFileReference; fileEncoding = 4; lastKnownFileType = sourcecode.swift; path = Alamofire.swift; sourceTree = "<group>"; };
		B860DCAB1A3348D400CA828A /* Alamofire.xcodeproj */ = {isa = PBXFileReference; lastKnownFileType = "wrapper.pb-project"; name = Alamofire.xcodeproj; path = Alamofire/Alamofire.xcodeproj; sourceTree = "<group>"; };
		B861061C1A3307B7002AC02D /* WeatherGetterTest.swift */ = {isa = PBXFileReference; fileEncoding = 4; lastKnownFileType = sourcecode.swift; path = WeatherGetterTest.swift; sourceTree = "<group>"; };
		B86443911A32E8F2000EC554 /* BedsideVoice.app */ = {isa = PBXFileReference; explicitFileType = wrapper.application; includeInIndex = 0; path = BedsideVoice.app; sourceTree = BUILT_PRODUCTS_DIR; };
		B86443951A32E8F2000EC554 /* Info.plist */ = {isa = PBXFileReference; lastKnownFileType = text.plist.xml; path = Info.plist; sourceTree = "<group>"; };
		B86443961A32E8F2000EC554 /* AppDelegate.swift */ = {isa = PBXFileReference; lastKnownFileType = sourcecode.swift; path = AppDelegate.swift; sourceTree = "<group>"; };
		B864439B1A32E8F2000EC554 /* Base */ = {isa = PBXFileReference; lastKnownFileType = file.storyboard; name = Base; path = Base.lproj/Main.storyboard; sourceTree = "<group>"; };
		B864439D1A32E8F2000EC554 /* Images.xcassets */ = {isa = PBXFileReference; lastKnownFileType = folder.assetcatalog; path = Images.xcassets; sourceTree = "<group>"; };
		B86443A01A32E8F2000EC554 /* Base */ = {isa = PBXFileReference; lastKnownFileType = file.xib; name = Base; path = Base.lproj/LaunchScreen.xib; sourceTree = "<group>"; };
		B86443A61A32E8F2000EC554 /* BedsideVoiceTests.xctest */ = {isa = PBXFileReference; explicitFileType = wrapper.cfbundle; includeInIndex = 0; path = BedsideVoiceTests.xctest; sourceTree = BUILT_PRODUCTS_DIR; };
		B86443AB1A32E8F2000EC554 /* Info.plist */ = {isa = PBXFileReference; lastKnownFileType = text.plist.xml; path = Info.plist; sourceTree = "<group>"; };
		B86443AC1A32E8F2000EC554 /* BedsideVoiceTests.swift */ = {isa = PBXFileReference; lastKnownFileType = sourcecode.swift; path = BedsideVoiceTests.swift; sourceTree = "<group>"; };
		B86443BC1A32EAF4000EC554 /* SoundPlayer.swift */ = {isa = PBXFileReference; fileEncoding = 4; lastKnownFileType = sourcecode.swift; path = SoundPlayer.swift; sourceTree = "<group>"; };
		B86443BF1A32EB0F000EC554 /* LocationGetter.swift */ = {isa = PBXFileReference; fileEncoding = 4; lastKnownFileType = sourcecode.swift; path = LocationGetter.swift; sourceTree = "<group>"; };
		B86443C21A32EB18000EC554 /* WeatherGetter.swift */ = {isa = PBXFileReference; fileEncoding = 4; lastKnownFileType = sourcecode.swift; path = WeatherGetter.swift; sourceTree = "<group>"; };
		B86443C51A32EB2C000EC554 /* Constants.swift */ = {isa = PBXFileReference; fileEncoding = 4; lastKnownFileType = sourcecode.swift; path = Constants.swift; sourceTree = "<group>"; };
		B86443C81A32EB39000EC554 /* FadeLabel.swift */ = {isa = PBXFileReference; fileEncoding = 4; lastKnownFileType = sourcecode.swift; path = FadeLabel.swift; sourceTree = "<group>"; };
		B86443CB1A32EED1000EC554 /* TalkManager.swift */ = {isa = PBXFileReference; fileEncoding = 4; lastKnownFileType = sourcecode.swift; path = TalkManager.swift; sourceTree = "<group>"; };
		B86443CE1A32EEEC000EC554 /* SwiftyJSON.swift */ = {isa = PBXFileReference; fileEncoding = 4; lastKnownFileType = sourcecode.swift; path = SwiftyJSON.swift; sourceTree = "<group>"; };
		B86443D21A32EFF6000EC554 /* charA_greeting.json */ = {isa = PBXFileReference; fileEncoding = 4; lastKnownFileType = text.json; path = charA_greeting.json; sourceTree = "<group>"; };
		B86443D51A32F075000EC554 /* TalkManagerTest.swift */ = {isa = PBXFileReference; fileEncoding = 4; lastKnownFileType = sourcecode.swift; path = TalkManagerTest.swift; sourceTree = "<group>"; };
		B88EFB2D1A346F0F0023E297 /* SleepViewController.swift */ = {isa = PBXFileReference; fileEncoding = 4; lastKnownFileType = sourcecode.swift; path = SleepViewController.swift; sourceTree = "<group>"; };
		B88EFB311A346F6C0023E297 /* SleepVoiceManager.swift */ = {isa = PBXFileReference; fileEncoding = 4; lastKnownFileType = sourcecode.swift; path = SleepVoiceManager.swift; sourceTree = "<group>"; };
		B8AF7C0A1A383E9600FDA346 /* SoundPlayerTest.swift */ = {isa = PBXFileReference; fileEncoding = 4; lastKnownFileType = sourcecode.swift; path = SoundPlayerTest.swift; sourceTree = "<group>"; };
		B8AF7C111A38407700FDA346 /* きらきら星.mp3 */ = {isa = PBXFileReference; lastKnownFileType = audio.mp3; path = "きらきら星.mp3"; sourceTree = "<group>"; };
		B8AF7C151A3846A600FDA346 /* voice02.m4a */ = {isa = PBXFileReference; lastKnownFileType = file; path = voice02.m4a; sourceTree = "<group>"; };
		B8AF7C181A39773C00FDA346 /* 雫_添い寝_scene1.json */ = {isa = PBXFileReference; fileEncoding = 4; lastKnownFileType = text.json; path = "雫_添い寝_scene1.json"; sourceTree = "<group>"; };
		B8AF7C211A397C9900FDA346 /* name01.m4a */ = {isa = PBXFileReference; lastKnownFileType = file; path = name01.m4a; sourceTree = "<group>"; };
		B8AF7C221A397C9900FDA346 /* voice01.m4a */ = {isa = PBXFileReference; lastKnownFileType = file; path = voice01.m4a; sourceTree = "<group>"; };
		B8AF7C2D1A39833800FDA346 /* 雫_name_お兄様_01.m4a */ = {isa = PBXFileReference; lastKnownFileType = file; path = "雫_name_お兄様_01.m4a"; sourceTree = "<group>"; };
		B8AF7C2E1A39833800FDA346 /* 雫_s1_r1_01.m4a */ = {isa = PBXFileReference; lastKnownFileType = file; path = "雫_s1_r1_01.m4a"; sourceTree = "<group>"; };
		B8AF7C2F1A39833800FDA346 /* 雫_s1_r1_02.m4a */ = {isa = PBXFileReference; lastKnownFileType = file; path = "雫_s1_r1_02.m4a"; sourceTree = "<group>"; };
		B8AF7C301A39833800FDA346 /* 雫_s1_r1_03.m4a */ = {isa = PBXFileReference; lastKnownFileType = file; path = "雫_s1_r1_03.m4a"; sourceTree = "<group>"; };
		B8AF7C351A39884C00FDA346 /* SleepVoiceManagerTest.swift */ = {isa = PBXFileReference; fileEncoding = 4; lastKnownFileType = sourcecode.swift; path = SleepVoiceManagerTest.swift; sourceTree = "<group>"; };
		B8AF7C371A3999FB00FDA346 /* 書式ミス.json */ = {isa = PBXFileReference; fileEncoding = 4; lastKnownFileType = text.json; path = "書式ミス.json"; sourceTree = "<group>"; };
		B8AF7C391A39A46100FDA346 /* JsonReader.swift */ = {isa = PBXFileReference; fileEncoding = 4; lastKnownFileType = sourcecode.swift; path = JsonReader.swift; sourceTree = "<group>"; };
/* End PBXFileReference section */

/* Begin PBXFrameworksBuildPhase section */
		B864438E1A32E8F2000EC554 /* Frameworks */ = {
			isa = PBXFrameworksBuildPhase;
			buildActionMask = 2147483647;
			files = (
			);
			runOnlyForDeploymentPostprocessing = 0;
		};
		B86443A31A32E8F2000EC554 /* Frameworks */ = {
			isa = PBXFrameworksBuildPhase;
			buildActionMask = 2147483647;
			files = (
			);
			runOnlyForDeploymentPostprocessing = 0;
		};
/* End PBXFrameworksBuildPhase section */

/* Begin PBXGroup section */
		B8057FA81A42C6EE004A2A0B /* image */ = {
			isa = PBXGroup;
			children = (
				B8057FAA1A42C74A004A2A0B /* chara */,
			);
			path = image;
			sourceTree = "<group>";
		};
		B8057FAA1A42C74A004A2A0B /* chara */ = {
			isa = PBXGroup;
			children = (
				B8057FAB1A42C75A004A2A0B /* 着物女性_通_m2.png */,
				B8057FAC1A42C75A004A2A0B /* 着物女性_通_m1.png */,
				B8057FAD1A42C75A004A2A0B /* 着物女性_通_e1.png */,
				B8057FAE1A42C75A004A2A0B /* 着物女性_通_e2.png */,
				B8057FAF1A42C75A004A2A0B /* 着物女性_通.png */,
			);
			path = chara;
			sourceTree = "<group>";
		};
		B860DCAC1A3348D400CA828A /* Products */ = {
			isa = PBXGroup;
			children = (
				B860DCB11A3348D500CA828A /* Alamofire.framework */,
				B860DCB31A3348D500CA828A /* AlamofireTests.xctest */,
			);
			name = Products;
			sourceTree = "<group>";
		};
		B86443881A32E8F2000EC554 = {
			isa = PBXGroup;
			children = (
				B860DCAB1A3348D400CA828A /* Alamofire.xcodeproj */,
				B86443931A32E8F2000EC554 /* BedsideVoice */,
				B86443A91A32E8F2000EC554 /* BedsideVoiceTests */,
				B86443921A32E8F2000EC554 /* Products */,
			);
			sourceTree = "<group>";
		};
		B86443921A32E8F2000EC554 /* Products */ = {
			isa = PBXGroup;
			children = (
				B86443911A32E8F2000EC554 /* BedsideVoice.app */,
				B86443A61A32E8F2000EC554 /* BedsideVoiceTests.xctest */,
			);
			name = Products;
			sourceTree = "<group>";
		};
		B86443931A32E8F2000EC554 /* BedsideVoice */ = {
			isa = PBXGroup;
			children = (
				B86443B61A32E95F000EC554 /* Controller */,
				B86443B71A32E966000EC554 /* Model */,
				B86443B91A32E974000EC554 /* Vendor */,
				B86443961A32E8F2000EC554 /* AppDelegate.swift */,
				B86443C51A32EB2C000EC554 /* Constants.swift */,
				B864439A1A32E8F2000EC554 /* Main.storyboard */,
				B864439D1A32E8F2000EC554 /* Images.xcassets */,
				B864439F1A32E8F2000EC554 /* LaunchScreen.xib */,
				B86443941A32E8F2000EC554 /* Supporting Files */,
			);
			path = BedsideVoice;
			sourceTree = "<group>";
		};
		B86443941A32E8F2000EC554 /* Supporting Files */ = {
			isa = PBXGroup;
			children = (
				B8057FA81A42C6EE004A2A0B /* image */,
				B8AF7C0C1A383EC000FDA346 /* music */,
				B86443D11A32EFE7000EC554 /* scenario */,
				B86443BB1A32E985000EC554 /* se */,
				B86443BA1A32E97D000EC554 /* voice */,
				B86443951A32E8F2000EC554 /* Info.plist */,
			);
			path = "Supporting Files";
			sourceTree = "<group>";
		};
		B86443A91A32E8F2000EC554 /* BedsideVoiceTests */ = {
			isa = PBXGroup;
			children = (
				B8AF7C0A1A383E9600FDA346 /* SoundPlayerTest.swift */,
				B861061C1A3307B7002AC02D /* WeatherGetterTest.swift */,
				B86443D51A32F075000EC554 /* TalkManagerTest.swift */,
				B86443AC1A32E8F2000EC554 /* BedsideVoiceTests.swift */,
				B8AF7C351A39884C00FDA346 /* SleepVoiceManagerTest.swift */,
				B86443AA1A32E8F2000EC554 /* Supporting Files */,
			);
			path = BedsideVoiceTests;
			sourceTree = "<group>";
		};
		B86443AA1A32E8F2000EC554 /* Supporting Files */ = {
			isa = PBXGroup;
			children = (
				B86443AB1A32E8F2000EC554 /* Info.plist */,
			);
			path = "Supporting Files";
			sourceTree = "<group>";
		};
		B86443B61A32E95F000EC554 /* Controller */ = {
			isa = PBXGroup;
			children = (
				B88EFB2D1A346F0F0023E297 /* SleepViewController.swift */,
				B8057FB51A42C8DB004A2A0B /* RoomViewController.swift */,
			);
			path = Controller;
			sourceTree = "<group>";
		};
		B86443B71A32E966000EC554 /* Model */ = {
			isa = PBXGroup;
			children = (
				B86443CB1A32EED1000EC554 /* TalkManager.swift */,
				B88EFB311A346F6C0023E297 /* SleepVoiceManager.swift */,
				B86443B81A32E96C000EC554 /* Lib */,
			);
			path = Model;
			sourceTree = "<group>";
		};
		B86443B81A32E96C000EC554 /* Lib */ = {
			isa = PBXGroup;
			children = (
				B86443BC1A32EAF4000EC554 /* SoundPlayer.swift */,
				B8AF7C391A39A46100FDA346 /* JsonReader.swift */,
				B86443C81A32EB39000EC554 /* FadeLabel.swift */,
				B86443C21A32EB18000EC554 /* WeatherGetter.swift */,
				B86443BF1A32EB0F000EC554 /* LocationGetter.swift */,
			);
			path = Lib;
			sourceTree = "<group>";
		};
		B86443B91A32E974000EC554 /* Vendor */ = {
			isa = PBXGroup;
			children = (
				B860DCA91A3347BD00CA828A /* Alamofire.swift */,
				B86443CE1A32EEEC000EC554 /* SwiftyJSON.swift */,
			);
			path = Vendor;
			sourceTree = "<group>";
		};
		B86443BA1A32E97D000EC554 /* voice */ = {
			isa = PBXGroup;
			children = (
				B8AF7C1A1A397C0100FDA346 /* 雫 */,
				B8AF7C211A397C9900FDA346 /* name01.m4a */,
				B84AC9521A3D80A5006F89D1 /* testVoice.m4a */,
				B8AF7C221A397C9900FDA346 /* voice01.m4a */,
				B84AC9571A3D8797006F89D1 /* testVoicePanR.m4a */,
				B84AC9551A3D8281006F89D1 /* testVoice2.m4a */,
				B8AF7C151A3846A600FDA346 /* voice02.m4a */,
			);
			path = voice;
			sourceTree = "<group>";
		};
		B86443BB1A32E985000EC554 /* se */ = {
			isa = PBXGroup;
			children = (
			);
			path = se;
			sourceTree = "<group>";
		};
		B86443D11A32EFE7000EC554 /* scenario */ = {
			isa = PBXGroup;
			children = (
				B86443D21A32EFF6000EC554 /* charA_greeting.json */,
				B8AF7C371A3999FB00FDA346 /* 書式ミス.json */,
				B8AF7C181A39773C00FDA346 /* 雫_添い寝_scene1.json */,
			);
			path = scenario;
			sourceTree = "<group>";
		};
		B8AF7C0C1A383EC000FDA346 /* music */ = {
			isa = PBXGroup;
			children = (
				B8AF7C111A38407700FDA346 /* きらきら星.mp3 */,
			);
			path = music;
			sourceTree = "<group>";
		};
		B8AF7C1A1A397C0100FDA346 /* 雫 */ = {
			isa = PBXGroup;
			children = (
				B8AF7C2D1A39833800FDA346 /* 雫_name_お兄様_01.m4a */,
				B82A5CC21A3AD300009C7BE7 /* 雫_name_お兄様_02.m4a */,
				B8AF7C2E1A39833800FDA346 /* 雫_s1_r1_01.m4a */,
				B8AF7C2F1A39833800FDA346 /* 雫_s1_r1_02.m4a */,
				B8AF7C301A39833800FDA346 /* 雫_s1_r1_03.m4a */,
				B82A5CB51A3AC3E6009C7BE7 /* 雫_s1_r2_01.m4a */,
				B82A5CB61A3AC3E6009C7BE7 /* 雫_s1_r2_02.m4a */,
				B82A5CB71A3AC3E6009C7BE7 /* 雫_s1_r2_03.m4a */,
				B82A5CC01A3AC783009C7BE7 /* 雫_s1_r3_01.m4a */,
				B82A5CBD1A3AC502009C7BE7 /* 雫_s1_r3_02.m4a */,
				B82A5CC41A3AD309009C7BE7 /* 雫_s1_r4_01.m4a */,
				B82A5CC51A3AD309009C7BE7 /* 雫_s1_r4_02.m4a */,
			);
			path = "雫";
			sourceTree = "<group>";
		};
/* End PBXGroup section */

/* Begin PBXNativeTarget section */
		B86443901A32E8F2000EC554 /* BedsideVoice */ = {
			isa = PBXNativeTarget;
			buildConfigurationList = B86443B01A32E8F2000EC554 /* Build configuration list for PBXNativeTarget "BedsideVoice" */;
			buildPhases = (
				B864438D1A32E8F2000EC554 /* Sources */,
				B864438E1A32E8F2000EC554 /* Frameworks */,
				B864438F1A32E8F2000EC554 /* Resources */,
				B860DCB61A3348FB00CA828A /* Copy Files (1 item) */,
			);
			buildRules = (
			);
			dependencies = (
				B860DCB51A3348F600CA828A /* PBXTargetDependency */,
			);
			name = BedsideVoice;
			productName = BedsideVoice;
			productReference = B86443911A32E8F2000EC554 /* BedsideVoice.app */;
			productType = "com.apple.product-type.application";
		};
		B86443A51A32E8F2000EC554 /* BedsideVoiceTests */ = {
			isa = PBXNativeTarget;
			buildConfigurationList = B86443B31A32E8F2000EC554 /* Build configuration list for PBXNativeTarget "BedsideVoiceTests" */;
			buildPhases = (
				B86443A21A32E8F2000EC554 /* Sources */,
				B86443A31A32E8F2000EC554 /* Frameworks */,
				B86443A41A32E8F2000EC554 /* Resources */,
			);
			buildRules = (
			);
			dependencies = (
				B86443A81A32E8F2000EC554 /* PBXTargetDependency */,
			);
			name = BedsideVoiceTests;
			productName = BedsideVoiceTests;
			productReference = B86443A61A32E8F2000EC554 /* BedsideVoiceTests.xctest */;
			productType = "com.apple.product-type.bundle.unit-test";
		};
/* End PBXNativeTarget section */

/* Begin PBXProject section */
		B86443891A32E8F2000EC554 /* Project object */ = {
			isa = PBXProject;
			attributes = {
				LastUpgradeCheck = 0610;
				ORGANIZATIONNAME = Tsubaki;
				TargetAttributes = {
					B86443901A32E8F2000EC554 = {
						CreatedOnToolsVersion = 6.1.1;
						SystemCapabilities = {
							com.apple.BackgroundModes = {
								enabled = 1;
							};
						};
					};
					B86443A51A32E8F2000EC554 = {
						CreatedOnToolsVersion = 6.1.1;
						TestTargetID = B86443901A32E8F2000EC554;
					};
				};
			};
			buildConfigurationList = B864438C1A32E8F2000EC554 /* Build configuration list for PBXProject "BedsideVoice" */;
			compatibilityVersion = "Xcode 3.2";
			developmentRegion = English;
			hasScannedForEncodings = 0;
			knownRegions = (
				en,
				Base,
			);
			mainGroup = B86443881A32E8F2000EC554;
			productRefGroup = B86443921A32E8F2000EC554 /* Products */;
			projectDirPath = "";
			projectReferences = (
				{
					ProductGroup = B860DCAC1A3348D400CA828A /* Products */;
					ProjectRef = B860DCAB1A3348D400CA828A /* Alamofire.xcodeproj */;
				},
			);
			projectRoot = "";
			targets = (
				B86443901A32E8F2000EC554 /* BedsideVoice */,
				B86443A51A32E8F2000EC554 /* BedsideVoiceTests */,
			);
		};
/* End PBXProject section */

/* Begin PBXReferenceProxy section */
		B860DCB11A3348D500CA828A /* Alamofire.framework */ = {
			isa = PBXReferenceProxy;
			fileType = wrapper.framework;
			path = Alamofire.framework;
			remoteRef = B860DCB01A3348D500CA828A /* PBXContainerItemProxy */;
			sourceTree = BUILT_PRODUCTS_DIR;
		};
		B860DCB31A3348D500CA828A /* AlamofireTests.xctest */ = {
			isa = PBXReferenceProxy;
			fileType = wrapper.cfbundle;
			path = AlamofireTests.xctest;
			remoteRef = B860DCB21A3348D500CA828A /* PBXContainerItemProxy */;
			sourceTree = BUILT_PRODUCTS_DIR;
		};
/* End PBXReferenceProxy section */

/* Begin PBXResourcesBuildPhase section */
		B864438F1A32E8F2000EC554 /* Resources */ = {
			isa = PBXResourcesBuildPhase;
			buildActionMask = 2147483647;
			files = (
				B82A5CB91A3AC3E6009C7BE7 /* 雫_s1_r2_02.m4a in Resources */,
				B8AF7C231A397C9900FDA346 /* name01.m4a in Resources */,
				B84AC9581A3D8797006F89D1 /* testVoicePanR.m4a in Resources */,
				B84AC9531A3D80A5006F89D1 /* testVoice.m4a in Resources */,
				B82A5CC11A3AC783009C7BE7 /* 雫_s1_r3_01.m4a in Resources */,
				B864439C1A32E8F2000EC554 /* Main.storyboard in Resources */,
				B8AF7C311A39833800FDA346 /* 雫_name_お兄様_01.m4a in Resources */,
				B8AF7C331A39833800FDA346 /* 雫_s1_r1_02.m4a in Resources */,
				B82A5CBF1A3AC502009C7BE7 /* 雫_s1_r3_02.m4a in Resources */,
				B82A5CC61A3AD309009C7BE7 /* 雫_s1_r4_01.m4a in Resources */,
				B8AF7C171A3846A600FDA346 /* voice02.m4a in Resources */,
				B8AF7C191A39773C00FDA346 /* 雫_添い寝_scene1.json in Resources */,
				B8057FB11A42C75A004A2A0B /* 着物女性_通_m1.png in Resources */,
				B82A5CB81A3AC3E6009C7BE7 /* 雫_s1_r2_01.m4a in Resources */,
				B8057FB01A42C75A004A2A0B /* 着物女性_通_m2.png in Resources */,
				B8AF7C241A397C9900FDA346 /* voice01.m4a in Resources */,
				B82A5CC31A3AD300009C7BE7 /* 雫_name_お兄様_02.m4a in Resources */,
				B86443A11A32E8F2000EC554 /* LaunchScreen.xib in Resources */,
				B82A5CC71A3AD309009C7BE7 /* 雫_s1_r4_02.m4a in Resources */,
				B8AF7C341A39833800FDA346 /* 雫_s1_r1_03.m4a in Resources */,
				B8AF7C121A38407700FDA346 /* きらきら星.mp3 in Resources */,
				B8AF7C381A3999FB00FDA346 /* 書式ミス.json in Resources */,
				B8057FB31A42C75A004A2A0B /* 着物女性_通_e2.png in Resources */,
				B8057FB41A42C75A004A2A0B /* 着物女性_通.png in Resources */,
				B82A5CBA1A3AC3E6009C7BE7 /* 雫_s1_r2_03.m4a in Resources */,
				B8AF7C321A39833800FDA346 /* 雫_s1_r1_01.m4a in Resources */,
				B8057FB21A42C75A004A2A0B /* 着物女性_通_e1.png in Resources */,
				B86443D31A32EFF6000EC554 /* charA_greeting.json in Resources */,
				B84AC9561A3D8281006F89D1 /* testVoice2.m4a in Resources */,
				B864439E1A32E8F2000EC554 /* Images.xcassets in Resources */,
			);
			runOnlyForDeploymentPostprocessing = 0;
		};
		B86443A41A32E8F2000EC554 /* Resources */ = {
			isa = PBXResourcesBuildPhase;
			buildActionMask = 2147483647;
			files = (
				B8AF7C131A38407700FDA346 /* きらきら星.mp3 in Resources */,
				B86443D41A32EFF6000EC554 /* charA_greeting.json in Resources */,
			);
			runOnlyForDeploymentPostprocessing = 0;
		};
/* End PBXResourcesBuildPhase section */

/* Begin PBXSourcesBuildPhase section */
		B864438D1A32E8F2000EC554 /* Sources */ = {
			isa = PBXSourcesBuildPhase;
			buildActionMask = 2147483647;
			files = (
				B8AF7C3A1A39A46100FDA346 /* JsonReader.swift in Sources */,
				B88EFB321A346F6C0023E297 /* SleepVoiceManager.swift in Sources */,
				B8057FB61A42C8DB004A2A0B /* RoomViewController.swift in Sources */,
				B86443C91A32EB39000EC554 /* FadeLabel.swift in Sources */,
				B88EFB2E1A346F0F0023E297 /* SleepViewController.swift in Sources */,
				B86443C31A32EB18000EC554 /* WeatherGetter.swift in Sources */,
				B86443CC1A32EED1000EC554 /* TalkManager.swift in Sources */,
				B86443BD1A32EAF4000EC554 /* SoundPlayer.swift in Sources */,
				B86443971A32E8F2000EC554 /* AppDelegate.swift in Sources */,
				B860DCAA1A3347BD00CA828A /* Alamofire.swift in Sources */,
				B86443CF1A32EEEC000EC554 /* SwiftyJSON.swift in Sources */,
				B86443C01A32EB0F000EC554 /* LocationGetter.swift in Sources */,
				B86443C61A32EB2C000EC554 /* Constants.swift in Sources */,
			);
			runOnlyForDeploymentPostprocessing = 0;
		};
		B86443A21A32E8F2000EC554 /* Sources */ = {
			isa = PBXSourcesBuildPhase;
			buildActionMask = 2147483647;
			files = (
				B8AF7C0B1A383E9600FDA346 /* SoundPlayerTest.swift in Sources */,
				B8AF7C361A39884C00FDA346 /* SleepVoiceManagerTest.swift in Sources */,
				B88EFB331A346F6C0023E297 /* SleepVoiceManager.swift in Sources */,
				B86443C71A32EB2C000EC554 /* Constants.swift in Sources */,
				B86443BE1A32EAF4000EC554 /* SoundPlayer.swift in Sources */,
				B88EFB2F1A346F0F0023E297 /* SleepViewController.swift in Sources */,
				B86443C41A32EB18000EC554 /* WeatherGetter.swift in Sources */,
				B86443D01A32EEEC000EC554 /* SwiftyJSON.swift in Sources */,
				B8AF7C3B1A39A46100FDA346 /* JsonReader.swift in Sources */,
				B86443AD1A32E8F2000EC554 /* BedsideVoiceTests.swift in Sources */,
				B861061D1A3307B7002AC02D /* WeatherGetterTest.swift in Sources */,
				B86443D61A32F075000EC554 /* TalkManagerTest.swift in Sources */,
				B8057FB71A42C8DB004A2A0B /* RoomViewController.swift in Sources */,
				B86443CD1A32EED1000EC554 /* TalkManager.swift in Sources */,
				B86443CA1A32EB39000EC554 /* FadeLabel.swift in Sources */,
				B86443C11A32EB0F000EC554 /* LocationGetter.swift in Sources */,
			);
			runOnlyForDeploymentPostprocessing = 0;
		};
/* End PBXSourcesBuildPhase section */

/* Begin PBXTargetDependency section */
		B860DCB51A3348F600CA828A /* PBXTargetDependency */ = {
			isa = PBXTargetDependency;
			name = Alamofire;
			targetProxy = B860DCB41A3348F600CA828A /* PBXContainerItemProxy */;
		};
		B86443A81A32E8F2000EC554 /* PBXTargetDependency */ = {
			isa = PBXTargetDependency;
			target = B86443901A32E8F2000EC554 /* BedsideVoice */;
			targetProxy = B86443A71A32E8F2000EC554 /* PBXContainerItemProxy */;
		};
/* End PBXTargetDependency section */

/* Begin PBXVariantGroup section */
		B864439A1A32E8F2000EC554 /* Main.storyboard */ = {
			isa = PBXVariantGroup;
			children = (
				B864439B1A32E8F2000EC554 /* Base */,
			);
			name = Main.storyboard;
			sourceTree = "<group>";
		};
		B864439F1A32E8F2000EC554 /* LaunchScreen.xib */ = {
			isa = PBXVariantGroup;
			children = (
				B86443A01A32E8F2000EC554 /* Base */,
			);
			name = LaunchScreen.xib;
			sourceTree = "<group>";
		};
/* End PBXVariantGroup section */

/* Begin XCBuildConfiguration section */
		B86443AE1A32E8F2000EC554 /* Debug */ = {
			isa = XCBuildConfiguration;
			buildSettings = {
				ALWAYS_SEARCH_USER_PATHS = NO;
				CLANG_CXX_LANGUAGE_STANDARD = "gnu++0x";
				CLANG_CXX_LIBRARY = "libc++";
				CLANG_ENABLE_MODULES = YES;
				CLANG_ENABLE_OBJC_ARC = YES;
				CLANG_WARN_BOOL_CONVERSION = YES;
				CLANG_WARN_CONSTANT_CONVERSION = YES;
				CLANG_WARN_DIRECT_OBJC_ISA_USAGE = YES_ERROR;
				CLANG_WARN_EMPTY_BODY = YES;
				CLANG_WARN_ENUM_CONVERSION = YES;
				CLANG_WARN_INT_CONVERSION = YES;
				CLANG_WARN_OBJC_ROOT_CLASS = YES_ERROR;
				CLANG_WARN_UNREACHABLE_CODE = YES;
				CLANG_WARN__DUPLICATE_METHOD_MATCH = YES;
				"CODE_SIGN_IDENTITY[sdk=iphoneos*]" = "iPhone Developer";
				COPY_PHASE_STRIP = NO;
				ENABLE_STRICT_OBJC_MSGSEND = YES;
				GCC_C_LANGUAGE_STANDARD = gnu99;
				GCC_DYNAMIC_NO_PIC = NO;
				GCC_OPTIMIZATION_LEVEL = 0;
				GCC_PREPROCESSOR_DEFINITIONS = (
					"DEBUG=1",
					"$(inherited)",
				);
				GCC_SYMBOLS_PRIVATE_EXTERN = NO;
				GCC_WARN_64_TO_32_BIT_CONVERSION = YES;
				GCC_WARN_ABOUT_RETURN_TYPE = YES_ERROR;
				GCC_WARN_UNDECLARED_SELECTOR = YES;
				GCC_WARN_UNINITIALIZED_AUTOS = YES_AGGRESSIVE;
				GCC_WARN_UNUSED_FUNCTION = YES;
				GCC_WARN_UNUSED_VARIABLE = YES;
				IPHONEOS_DEPLOYMENT_TARGET = 7.0;
				MTL_ENABLE_DEBUG_INFO = YES;
				ONLY_ACTIVE_ARCH = YES;
				SDKROOT = iphoneos;
				SWIFT_OPTIMIZATION_LEVEL = "-Onone";
			};
			name = Debug;
		};
		B86443AF1A32E8F2000EC554 /* Release */ = {
			isa = XCBuildConfiguration;
			buildSettings = {
				ALWAYS_SEARCH_USER_PATHS = NO;
				CLANG_CXX_LANGUAGE_STANDARD = "gnu++0x";
				CLANG_CXX_LIBRARY = "libc++";
				CLANG_ENABLE_MODULES = YES;
				CLANG_ENABLE_OBJC_ARC = YES;
				CLANG_WARN_BOOL_CONVERSION = YES;
				CLANG_WARN_CONSTANT_CONVERSION = YES;
				CLANG_WARN_DIRECT_OBJC_ISA_USAGE = YES_ERROR;
				CLANG_WARN_EMPTY_BODY = YES;
				CLANG_WARN_ENUM_CONVERSION = YES;
				CLANG_WARN_INT_CONVERSION = YES;
				CLANG_WARN_OBJC_ROOT_CLASS = YES_ERROR;
				CLANG_WARN_UNREACHABLE_CODE = YES;
				CLANG_WARN__DUPLICATE_METHOD_MATCH = YES;
				"CODE_SIGN_IDENTITY[sdk=iphoneos*]" = "iPhone Developer";
				COPY_PHASE_STRIP = YES;
				ENABLE_NS_ASSERTIONS = NO;
				ENABLE_STRICT_OBJC_MSGSEND = YES;
				GCC_C_LANGUAGE_STANDARD = gnu99;
				GCC_WARN_64_TO_32_BIT_CONVERSION = YES;
				GCC_WARN_ABOUT_RETURN_TYPE = YES_ERROR;
				GCC_WARN_UNDECLARED_SELECTOR = YES;
				GCC_WARN_UNINITIALIZED_AUTOS = YES_AGGRESSIVE;
				GCC_WARN_UNUSED_FUNCTION = YES;
				GCC_WARN_UNUSED_VARIABLE = YES;
				IPHONEOS_DEPLOYMENT_TARGET = 7.0;
				MTL_ENABLE_DEBUG_INFO = NO;
				SDKROOT = iphoneos;
				VALIDATE_PRODUCT = YES;
			};
			name = Release;
		};
		B86443B11A32E8F2000EC554 /* Debug */ = {
			isa = XCBuildConfiguration;
			buildSettings = {
				ASSETCATALOG_COMPILER_APPICON_NAME = AppIcon;
				ASSETCATALOG_COMPILER_LAUNCHIMAGE_NAME = LaunchImage;
				INFOPLIST_FILE = "BedsideVoice/Supporting Files/Info.plist";
				IPHONEOS_DEPLOYMENT_TARGET = 7.0;
				LD_RUNPATH_SEARCH_PATHS = "$(inherited) @executable_path/Frameworks";
				PRODUCT_NAME = "$(TARGET_NAME)";
				PROVISIONING_PROFILE = "b1785538-ee85-4c97-bd02-917cb781810c";
			};
			name = Debug;
		};
		B86443B21A32E8F2000EC554 /* Release */ = {
			isa = XCBuildConfiguration;
			buildSettings = {
				ASSETCATALOG_COMPILER_APPICON_NAME = AppIcon;
				ASSETCATALOG_COMPILER_LAUNCHIMAGE_NAME = LaunchImage;
				INFOPLIST_FILE = "BedsideVoice/Supporting Files/Info.plist";
				IPHONEOS_DEPLOYMENT_TARGET = 7.0;
				LD_RUNPATH_SEARCH_PATHS = "$(inherited) @executable_path/Frameworks";
				PRODUCT_NAME = "$(TARGET_NAME)";
				PROVISIONING_PROFILE = "b1785538-ee85-4c97-bd02-917cb781810c";
			};
			name = Release;
		};
		B86443B41A32E8F2000EC554 /* Debug */ = {
			isa = XCBuildConfiguration;
			buildSettings = {
				BUNDLE_LOADER = "$(TEST_HOST)";
				FRAMEWORK_SEARCH_PATHS = (
					"$(SDKROOT)/Developer/Library/Frameworks",
					"$(inherited)",
				);
				GCC_PREPROCESSOR_DEFINITIONS = (
					"DEBUG=1",
					"$(inherited)",
				);
				INFOPLIST_FILE = "BedsideVoiceTests/Supporting Files/Info.plist";
				LD_RUNPATH_SEARCH_PATHS = "$(inherited) @executable_path/Frameworks @loader_path/Frameworks";
				PRODUCT_NAME = "$(TARGET_NAME)";
				PROVISIONING_PROFILE = "b1785538-ee85-4c97-bd02-917cb781810c";
				TEST_HOST = "$(BUILT_PRODUCTS_DIR)/BedsideVoice.app/BedsideVoice";
			};
			name = Debug;
		};
		B86443B51A32E8F2000EC554 /* Release */ = {
			isa = XCBuildConfiguration;
			buildSettings = {
				BUNDLE_LOADER = "$(TEST_HOST)";
				FRAMEWORK_SEARCH_PATHS = (
					"$(SDKROOT)/Developer/Library/Frameworks",
					"$(inherited)",
				);
				INFOPLIST_FILE = "BedsideVoiceTests/Supporting Files/Info.plist";
				LD_RUNPATH_SEARCH_PATHS = "$(inherited) @executable_path/Frameworks @loader_path/Frameworks";
				PRODUCT_NAME = "$(TARGET_NAME)";
				PROVISIONING_PROFILE = "b1785538-ee85-4c97-bd02-917cb781810c";
				TEST_HOST = "$(BUILT_PRODUCTS_DIR)/BedsideVoice.app/BedsideVoice";
			};
			name = Release;
		};
/* End XCBuildConfiguration section */

/* Begin XCConfigurationList section */
		B864438C1A32E8F2000EC554 /* Build configuration list for PBXProject "BedsideVoice" */ = {
			isa = XCConfigurationList;
			buildConfigurations = (
				B86443AE1A32E8F2000EC554 /* Debug */,
				B86443AF1A32E8F2000EC554 /* Release */,
			);
			defaultConfigurationIsVisible = 0;
			defaultConfigurationName = Release;
		};
		B86443B01A32E8F2000EC554 /* Build configuration list for PBXNativeTarget "BedsideVoice" */ = {
			isa = XCConfigurationList;
			buildConfigurations = (
				B86443B11A32E8F2000EC554 /* Debug */,
				B86443B21A32E8F2000EC554 /* Release */,
			);
			defaultConfigurationIsVisible = 0;
			defaultConfigurationName = Release;
		};
		B86443B31A32E8F2000EC554 /* Build configuration list for PBXNativeTarget "BedsideVoiceTests" */ = {
			isa = XCConfigurationList;
			buildConfigurations = (
				B86443B41A32E8F2000EC554 /* Debug */,
				B86443B51A32E8F2000EC554 /* Release */,
			);
			defaultConfigurationIsVisible = 0;
			defaultConfigurationName = Release;
		};
/* End XCConfigurationList section */
	};
	rootObject = B86443891A32E8F2000EC554 /* Project object */;
}
